
Microsoft Visual Studio Solution File, Format Version 12.00
# Visual Studio Version 17
VisualStudioVersion = 17.13.35806.99 d17.13
MinimumVisualStudioVersion = 10.0.40219.1
Project("{FAE04EC0-301F-11D3-BF4B-00C04F79EFBC}") = "kursach", "kursach\kursach.csproj", "{D272044A-0504-4BAC-AD32-2762FF2BCF66}"
EndProject
Global
	GlobalSection(SolutionConfigurationPlatforms) = preSolution
		Debug|Any CPU = Debug|Any CPU
		Release|Any CPU = Release|Any CPU
	EndGlobalSection
	GlobalSection(ProjectConfigurationPlatforms) = postSolution
		{D272044A-0504-4BAC-AD32-2762FF2BCF66}.Debug|Any CPU.ActiveCfg = Debug|Any CPU
		{D272044A-0504-4BAC-AD32-2762FF2BCF66}.Debug|Any CPU.Build.0 = Debug|Any CPU
		{D272044A-0504-4BAC-AD32-2762FF2BCF66}.Release|Any CPU.ActiveCfg = Release|Any CPU
		{D272044A-0504-4BAC-AD32-2762FF2BCF66}.Release|Any CPU.Build.0 = Release|Any CPU
	EndGlobalSection
	GlobalSection(SolutionProperties) = preSolution
		HideSolutionNode = FALSE
	EndGlobalSection
	GlobalSection(ExtensibilityGlobals) = postSolution
		SolutionGuid = {F8497E84-52A4-4543-8135-2F024312E9A9}
	EndGlobalSection
EndGlobal
